// !$*UTF8*$!
{
	archiveVersion = 1;
	classes = {
	};
	objectVersion = 46;
	objects = {

/* Begin PBXBuildFile section */
		D4230CA91F2BA73D00E18571 /* Assets.xcassets in Resources */ = {isa = PBXBuildFile; fileRef = D4230CA31F2BA73D00E18571 /* Assets.xcassets */; };
		D4230CAA1F2BA73D00E18571 /* LaunchScreen.storyboard in Resources */ = {isa = PBXBuildFile; fileRef = D4230CA41F2BA73D00E18571 /* LaunchScreen.storyboard */; };
		D4230CAB1F2BA73D00E18571 /* Main.storyboard in Resources */ = {isa = PBXBuildFile; fileRef = D4230CA61F2BA73D00E18571 /* Main.storyboard */; };
		D4230CAF1F2BA74300E18571 /* AppDelegate.swift in Sources */ = {isa = PBXBuildFile; fileRef = D4230CAD1F2BA74300E18571 /* AppDelegate.swift */; };
		D4230CB01F2BA74300E18571 /* ViewController.swift in Sources */ = {isa = PBXBuildFile; fileRef = D4230CAE1F2BA74300E18571 /* ViewController.swift */; };
		D4230CBC1F2BA76600E18571 /* Staaf.framework in Frameworks */ = {isa = PBXBuildFile; fileRef = D4230CB71F2BA75800E18571 /* Staaf.framework */; };
/* End PBXBuildFile section */

/* Begin PBXContainerItemProxy section */
		D4230CB61F2BA75800E18571 /* PBXContainerItemProxy */ = {
			isa = PBXContainerItemProxy;
			containerPortal = D4230CB11F2BA75800E18571 /* Staaf.xcodeproj */;
			proxyType = 2;
			remoteGlobalIDString = D4E7FE311F2BA22300B4F889;
			remoteInfo = Staaf;
		};
		D4230CB81F2BA75800E18571 /* PBXContainerItemProxy */ = {
			isa = PBXContainerItemProxy;
			containerPortal = D4230CB11F2BA75800E18571 /* Staaf.xcodeproj */;
			proxyType = 2;
			remoteGlobalIDString = D4E7FE3A1F2BA22300B4F889;
			remoteInfo = StaafTests;
		};
		D4230CBA1F2BA75F00E18571 /* PBXContainerItemProxy */ = {
			isa = PBXContainerItemProxy;
			containerPortal = D4230CB11F2BA75800E18571 /* Staaf.xcodeproj */;
			proxyType = 1;
			remoteGlobalIDString = D4E7FE301F2BA22300B4F889;
			remoteInfo = Staaf;
		};
/* End PBXContainerItemProxy section */

/* Begin PBXFileReference section */
		D4230C8C1F2BA69E00E18571 /* iOS Example.app */ = {isa = PBXFileReference; explicitFileType = wrapper.application; includeInIndex = 0; path = "iOS Example.app"; sourceTree = BUILT_PRODUCTS_DIR; };
		D4230CA31F2BA73D00E18571 /* Assets.xcassets */ = {isa = PBXFileReference; lastKnownFileType = folder.assetcatalog; path = Assets.xcassets; sourceTree = "<group>"; };
		D4230CA51F2BA73D00E18571 /* Base */ = {isa = PBXFileReference; lastKnownFileType = file.storyboard; name = Base; path = Base.lproj/LaunchScreen.storyboard; sourceTree = "<group>"; };
		D4230CA71F2BA73D00E18571 /* Base */ = {isa = PBXFileReference; lastKnownFileType = file.storyboard; name = Base; path = Base.lproj/Main.storyboard; sourceTree = "<group>"; };
		D4230CA81F2BA73D00E18571 /* Info.plist */ = {isa = PBXFileReference; fileEncoding = 4; lastKnownFileType = text.plist.xml; path = Info.plist; sourceTree = "<group>"; };
		D4230CAD1F2BA74300E18571 /* AppDelegate.swift */ = {isa = PBXFileReference; fileEncoding = 4; lastKnownFileType = sourcecode.swift; path = AppDelegate.swift; sourceTree = "<group>"; };
		D4230CAE1F2BA74300E18571 /* ViewController.swift */ = {isa = PBXFileReference; fileEncoding = 4; lastKnownFileType = sourcecode.swift; path = ViewController.swift; sourceTree = "<group>"; };
		D4230CB11F2BA75800E18571 /* Staaf.xcodeproj */ = {isa = PBXFileReference; lastKnownFileType = "wrapper.pb-project"; name = Staaf.xcodeproj; path = ../Staaf.xcodeproj; sourceTree = "<group>"; };
/* End PBXFileReference section */

/* Begin PBXFrameworksBuildPhase section */
		D4230C891F2BA69E00E18571 /* Frameworks */ = {
			isa = PBXFrameworksBuildPhase;
			buildActionMask = 2147483647;
			files = (
				D4230CBC1F2BA76600E18571 /* Staaf.framework in Frameworks */,
			);
			runOnlyForDeploymentPostprocessing = 0;
		};
/* End PBXFrameworksBuildPhase section */

/* Begin PBXGroup section */
		D4230C831F2BA69E00E18571 = {
			isa = PBXGroup;
			children = (
				D4230CA21F2BA72500E18571 /* Sources */,
				D4230CA11F2BA72300E18571 /* Resources */,
				D4230C8D1F2BA69E00E18571 /* Products */,
				D4230CB11F2BA75800E18571 /* Staaf.xcodeproj */,
			);
			sourceTree = "<group>";
		};
		D4230C8D1F2BA69E00E18571 /* Products */ = {
			isa = PBXGroup;
			children = (
				D4230C8C1F2BA69E00E18571 /* iOS Example.app */,
			);
			name = Products;
			sourceTree = "<group>";
		};
		D4230CA11F2BA72300E18571 /* Resources */ = {
			isa = PBXGroup;
			children = (
				D4230CA31F2BA73D00E18571 /* Assets.xcassets */,
				D4230CA41F2BA73D00E18571 /* LaunchScreen.storyboard */,
				D4230CA61F2BA73D00E18571 /* Main.storyboard */,
				D4230CA81F2BA73D00E18571 /* Info.plist */,
			);
			path = Resources;
			sourceTree = "<group>";
		};
		D4230CA21F2BA72500E18571 /* Sources */ = {
			isa = PBXGroup;
			children = (
				D4230CAD1F2BA74300E18571 /* AppDelegate.swift */,
				D4230CAE1F2BA74300E18571 /* ViewController.swift */,
			);
			path = Sources;
			sourceTree = "<group>";
		};
		D4230CB21F2BA75800E18571 /* Products */ = {
			isa = PBXGroup;
			children = (
				D4230CB71F2BA75800E18571 /* Staaf.framework */,
				D4230CB91F2BA75800E18571 /* StaafTests.xctest */,
			);
			name = Products;
			sourceTree = "<group>";
		};
/* End PBXGroup section */

/* Begin PBXNativeTarget section */
		D4230C8B1F2BA69E00E18571 /* iOS Example */ = {
			isa = PBXNativeTarget;
			buildConfigurationList = D4230C9E1F2BA69E00E18571 /* Build configuration list for PBXNativeTarget "iOS Example" */;
			buildPhases = (
				D4230C881F2BA69E00E18571 /* Sources */,
				D4230C891F2BA69E00E18571 /* Frameworks */,
				D4230C8A1F2BA69E00E18571 /* Resources */,
			);
			buildRules = (
			);
			dependencies = (
				D4230CBB1F2BA75F00E18571 /* PBXTargetDependency */,
			);
			name = "iOS Example";
			productName = "iOS Example";
			productReference = D4230C8C1F2BA69E00E18571 /* iOS Example.app */;
			productType = "com.apple.product-type.application";
		};
/* End PBXNativeTarget section */

/* Begin PBXProject section */
		D4230C841F2BA69E00E18571 /* Project object */ = {
			isa = PBXProject;
			attributes = {
				LastSwiftUpdateCheck = 0830;
				LastUpgradeCheck = 0830;
				ORGANIZATIONNAME = "Rob Hendriks";
				TargetAttributes = {
					D4230C8B1F2BA69E00E18571 = {
						CreatedOnToolsVersion = 8.3.3;
						DevelopmentTeam = QV4T55ZUBD;
						LastSwiftMigration = 0830;
						ProvisioningStyle = Automatic;
					};
				};
			};
			buildConfigurationList = D4230C871F2BA69E00E18571 /* Build configuration list for PBXProject "iOS Example" */;
			compatibilityVersion = "Xcode 3.2";
			developmentRegion = English;
			hasScannedForEncodings = 0;
			knownRegions = (
				en,
				Base,
			);
			mainGroup = D4230C831F2BA69E00E18571;
			productRefGroup = D4230C8D1F2BA69E00E18571 /* Products */;
			projectDirPath = "";
			projectReferences = (
				{
					ProductGroup = D4230CB21F2BA75800E18571 /* Products */;
					ProjectRef = D4230CB11F2BA75800E18571 /* Staaf.xcodeproj */;
				},
			);
			projectRoot = "";
			targets = (
				D4230C8B1F2BA69E00E18571 /* iOS Example */,
			);
		};
/* End PBXProject section */

/* Begin PBXReferenceProxy section */
		D4230CB71F2BA75800E18571 /* Staaf.framework */ = {
			isa = PBXReferenceProxy;
			fileType = wrapper.framework;
			path = Staaf.framework;
			remoteRef = D4230CB61F2BA75800E18571 /* PBXContainerItemProxy */;
			sourceTree = BUILT_PRODUCTS_DIR;
		};
		D4230CB91F2BA75800E18571 /* StaafTests.xctest */ = {
			isa = PBXReferenceProxy;
			fileType = wrapper.cfbundle;
			path = StaafTests.xctest;
			remoteRef = D4230CB81F2BA75800E18571 /* PBXContainerItemProxy */;
			sourceTree = BUILT_PRODUCTS_DIR;
		};
/* End PBXReferenceProxy section */

/* Begin PBXResourcesBuildPhase section */
		D4230C8A1F2BA69E00E18571 /* Resources */ = {
			isa = PBXResourcesBuildPhase;
			buildActionMask = 2147483647;
			files = (
				D4230CAB1F2BA73D00E18571 /* Main.storyboard in Resources */,
				D4230CA91F2BA73D00E18571 /* Assets.xcassets in Resources */,
				D4230CAA1F2BA73D00E18571 /* LaunchScreen.storyboard in Resources */,
			);
			runOnlyForDeploymentPostprocessing = 0;
		};
/* End PBXResourcesBuildPhase section */

/* Begin PBXSourcesBuildPhase section */
		D4230C881F2BA69E00E18571 /* Sources */ = {
			isa = PBXSourcesBuildPhase;
			buildActionMask = 2147483647;
			files = (
				D4230CB01F2BA74300E18571 /* ViewController.swift in Sources */,
				D4230CAF1F2BA74300E18571 /* AppDelegate.swift in Sources */,
			);
			runOnlyForDeploymentPostprocessing = 0;
		};
/* End PBXSourcesBuildPhase section */

/* Begin PBXTargetDependency section */
		D4230CBB1F2BA75F00E18571 /* PBXTargetDependency */ = {
			isa = PBXTargetDependency;
			name = Staaf;
			targetProxy = D4230CBA1F2BA75F00E18571 /* PBXContainerItemProxy */;
		};
/* End PBXTargetDependency section */

/* Begin PBXVariantGroup section */
		D4230CA41F2BA73D00E18571 /* LaunchScreen.storyboard */ = {
			isa = PBXVariantGroup;
			children = (
				D4230CA51F2BA73D00E18571 /* Base */,
			);
			name = LaunchScreen.storyboard;
			sourceTree = "<group>";
		};
		D4230CA61F2BA73D00E18571 /* Main.storyboard */ = {
			isa = PBXVariantGroup;
			children = (
				D4230CA71F2BA73D00E18571 /* Base */,
			);
			name = Main.storyboard;
			sourceTree = "<group>";
		};
/* End PBXVariantGroup section */

/* Begin XCBuildConfiguration section */
		D4230C9C1F2BA69E00E18571 /* Debug */ = {
			isa = XCBuildConfiguration;
			buildSettings = {
				ALWAYS_SEARCH_USER_PATHS = NO;
				CLANG_ANALYZER_NONNULL = YES;
				CLANG_ANALYZER_NUMBER_OBJECT_CONVERSION = YES_AGGRESSIVE;
				CLANG_CXX_LANGUAGE_STANDARD = "gnu++0x";
				CLANG_CXX_LIBRARY = "libc++";
				CLANG_ENABLE_MODULES = YES;
				CLANG_ENABLE_OBJC_ARC = YES;
				CLANG_WARN_BOOL_CONVERSION = YES;
				CLANG_WARN_CONSTANT_CONVERSION = YES;
				CLANG_WARN_DIRECT_OBJC_ISA_USAGE = YES_ERROR;
				CLANG_WARN_DOCUMENTATION_COMMENTS = YES;
				CLANG_WARN_EMPTY_BODY = YES;
				CLANG_WARN_ENUM_CONVERSION = YES;
				CLANG_WARN_INFINITE_RECURSION = YES;
				CLANG_WARN_INT_CONVERSION = YES;
				CLANG_WARN_OBJC_ROOT_CLASS = YES_ERROR;
				CLANG_WARN_SUSPICIOUS_MOVE = YES;
				CLANG_WARN_UNREACHABLE_CODE = YES;
				CLANG_WARN__DUPLICATE_METHOD_MATCH = YES;
				"CODE_SIGN_IDENTITY[sdk=iphoneos*]" = "iPhone Developer";
				COPY_PHASE_STRIP = NO;
				DEBUG_INFORMATION_FORMAT = dwarf;
				ENABLE_STRICT_OBJC_MSGSEND = YES;
				ENABLE_TESTABILITY = YES;
				GCC_C_LANGUAGE_STANDARD = gnu99;
				GCC_DYNAMIC_NO_PIC = NO;
				GCC_NO_COMMON_BLOCKS = YES;
				GCC_OPTIMIZATION_LEVEL = 0;
				GCC_PREPROCESSOR_DEFINITIONS = (
					"DEBUG=1",
					"$(inherited)",
				);
				GCC_WARN_64_TO_32_BIT_CONVERSION = YES;
				GCC_WARN_ABOUT_RETURN_TYPE = YES_ERROR;
				GCC_WARN_UNDECLARED_SELECTOR = YES;
				GCC_WARN_UNINITIALIZED_AUTOS = YES_AGGRESSIVE;
				GCC_WARN_UNUSED_FUNCTION = YES;
				GCC_WARN_UNUSED_VARIABLE = YES;
				IPHONEOS_DEPLOYMENT_TARGET = 10.3;
				MTL_ENABLE_DEBUG_INFO = YES;
				ONLY_ACTIVE_ARCH = YES;
				SDKROOT = iphoneos;
				SWIFT_ACTIVE_COMPILATION_CONDITIONS = DEBUG;
				SWIFT_OPTIMIZATION_LEVEL = "-Onone";
			};
			name = Debug;
		};
		D4230C9D1F2BA69E00E18571 /* Release */ = {
			isa = XCBuildConfiguration;
			buildSettings = {
				ALWAYS_SEARCH_USER_PATHS = NO;
				CLANG_ANALYZER_NONNULL = YES;
				CLANG_ANALYZER_NUMBER_OBJECT_CONVERSION = YES_AGGRESSIVE;
				CLANG_CXX_LANGUAGE_STANDARD = "gnu++0x";
				CLANG_CXX_LIBRARY = "libc++";
				CLANG_ENABLE_MODULES = YES;
				CLANG_ENABLE_OBJC_ARC = YES;
				CLANG_WARN_BOOL_CONVERSION = YES;
				CLANG_WARN_CONSTANT_CONVERSION = YES;
				CLANG_WARN_DIRECT_OBJC_ISA_USAGE = YES_ERROR;
				CLANG_WARN_DOCUMENTATION_COMMENTS = YES;
				CLANG_WARN_EMPTY_BODY = YES;
				CLANG_WARN_ENUM_CONVERSION = YES;
				CLANG_WARN_INFINITE_RECURSION = YES;
				CLANG_WARN_INT_CONVERSION = YES;
				CLANG_WARN_OBJC_ROOT_CLASS = YES_ERROR;
				CLANG_WARN_SUSPICIOUS_MOVE = YES;
				CLANG_WARN_UNREACHABLE_CODE = YES;
				CLANG_WARN__DUPLICATE_METHOD_MATCH = YES;
				"CODE_SIGN_IDENTITY[sdk=iphoneos*]" = "iPhone Developer";
				COPY_PHASE_STRIP = NO;
				DEBUG_INFORMATION_FORMAT = "dwarf-with-dsym";
				ENABLE_NS_ASSERTIONS = NO;
				ENABLE_STRICT_OBJC_MSGSEND = YES;
				GCC_C_LANGUAGE_STANDARD = gnu99;
				GCC_NO_COMMON_BLOCKS = YES;
				GCC_WARN_64_TO_32_BIT_CONVERSION = YES;
				GCC_WARN_ABOUT_RETURN_TYPE = YES_ERROR;
				GCC_WARN_UNDECLARED_SELECTOR = YES;
				GCC_WARN_UNINITIALIZED_AUTOS = YES_AGGRESSIVE;
				GCC_WARN_UNUSED_FUNCTION = YES;
				GCC_WARN_UNUSED_VARIABLE = YES;
				IPHONEOS_DEPLOYMENT_TARGET = 10.3;
				MTL_ENABLE_DEBUG_INFO = NO;
				SDKROOT = iphoneos;
				SWIFT_OPTIMIZATION_LEVEL = "-Owholemodule";
				VALIDATE_PRODUCT = YES;
			};
			name = Release;
		};
		D4230C9F1F2BA69E00E18571 /* Debug */ = {
			isa = XCBuildConfiguration;
			buildSettings = {
				ASSETCATALOG_COMPILER_APPICON_NAME = AppIcon;
				CLANG_ENABLE_MODULES = YES;
				DEVELOPMENT_TEAM = QV4T55ZUBD;
				INFOPLIST_FILE = "$(SRCROOT)/Resources/Info.plist";
				LD_RUNPATH_SEARCH_PATHS = "$(inherited) @executable_path/Frameworks";
				PRODUCT_BUNDLE_IDENTIFIER = "nl.robhendriks.iOS-Example";
				PRODUCT_NAME = "$(TARGET_NAME)";
				SWIFT_OPTIMIZATION_LEVEL = "-Onone";
				SWIFT_VERSION = 3.0;
			};
			name = Debug;
		};
		D4230CA01F2BA69E00E18571 /* Release */ = {
			isa = XCBuildConfiguration;
			buildSettings = {
				ASSETCATALOG_COMPILER_APPICON_NAME = AppIcon;
				CLANG_ENABLE_MODULES = YES;
				DEVELOPMENT_TEAM = QV4T55ZUBD;
				INFOPLIST_FILE = "$(SRCROOT)/Resources/Info.plist";
				LD_RUNPATH_SEARCH_PATHS = "$(inherited) @executable_path/Frameworks";
				PRODUCT_BUNDLE_IDENTIFIER = "nl.robhendriks.iOS-Example";
				PRODUCT_NAME = "$(TARGET_NAME)";
				SWIFT_VERSION = 3.0;
			};
			name = Release;
		};
/* End XCBuildConfiguration section */

/* Begin XCConfigurationList section */
		D4230C871F2BA69E00E18571 /* Build configuration list for PBXProject "iOS Example" */ = {
			isa = XCConfigurationList;
			buildConfigurations = (
				D4230C9C1F2BA69E00E18571 /* Debug */,
				D4230C9D1F2BA69E00E18571 /* Release */,
			);
			defaultConfigurationIsVisible = 0;
			defaultConfigurationName = Release;
		};
		D4230C9E1F2BA69E00E18571 /* Build configuration list for PBXNativeTarget "iOS Example" */ = {
			isa = XCConfigurationList;
			buildConfigurations = (
				D4230C9F1F2BA69E00E18571 /* Debug */,
				D4230CA01F2BA69E00E18571 /* Release */,
			);
			defaultConfigurationIsVisible = 0;
			defaultConfigurationName = Release;
		};
/* End XCConfigurationList section */
	};
	rootObject = D4230C841F2BA69E00E18571 /* Project object */;
}
